// !$*UTF8*$!
{
	archiveVersion = 1;
	classes = {
	};
	objectVersion = 46;
	objects = {

/* Begin PBXBuildFile section */
		191982FD1CE066600011DDB8 /* TZMainButton.m in Sources */ = {isa = PBXBuildFile; fileRef = 191982FC1CE066600011DDB8 /* TZMainButton.m */; };
		191983031CE097CA0011DDB8 /* TZDataSourceDAO.m in Sources */ = {isa = PBXBuildFile; fileRef = 191983021CE097CA0011DDB8 /* TZDataSourceDAO.m */; };
		191983061CE098920011DDB8 /* TZAbstractDAO.m in Sources */ = {isa = PBXBuildFile; fileRef = 191983051CE098920011DDB8 /* TZAbstractDAO.m */; };
		191983091CE098C00011DDB8 /* TZDBDataSource.m in Sources */ = {isa = PBXBuildFile; fileRef = 191983081CE098C00011DDB8 /* TZDBDataSource.m */; };
		1950608C1CDC8B5E00C2C927 /* TZViewController.m in Sources */ = {isa = PBXBuildFile; fileRef = 1950608B1CDC8B5E00C2C927 /* TZViewController.m */; };
		1950608F1CDC8B7500C2C927 /* TZTableViewController.m in Sources */ = {isa = PBXBuildFile; fileRef = 1950608E1CDC8B7500C2C927 /* TZTableViewController.m */; };
		195060921CDC8B8B00C2C927 /* TZTableView.m in Sources */ = {isa = PBXBuildFile; fileRef = 195060911CDC8B8B00C2C927 /* TZTableView.m */; };
		196285BB1CD1AD9200C1CC06 /* TZAppDelegate.m in Sources */ = {isa = PBXBuildFile; fileRef = 196285BA1CD1AD9200C1CC06 /* TZAppDelegate.m */; };
		196285C11CD1AD9200C1CC06 /* Main.storyboard in Resources */ = {isa = PBXBuildFile; fileRef = 196285BF1CD1AD9200C1CC06 /* Main.storyboard */; };
		196285C61CD1AD9200C1CC06 /* LaunchScreen.storyboard in Resources */ = {isa = PBXBuildFile; fileRef = 196285C41CD1AD9200C1CC06 /* LaunchScreen.storyboard */; };
		196285D11CD1AD9200C1CC06 /* _0DaysChallengeTests.m in Sources */ = {isa = PBXBuildFile; fileRef = 196285D01CD1AD9200C1CC06 /* _0DaysChallengeTests.m */; };
		196285DC1CD1AD9200C1CC06 /* _0DaysChallengeUITests.m in Sources */ = {isa = PBXBuildFile; fileRef = 196285DB1CD1AD9200C1CC06 /* _0DaysChallengeUITests.m */; };
		198EDC541CDDBA9F00A3FE76 /* TZMainContentView.m in Sources */ = {isa = PBXBuildFile; fileRef = 198EDC531CDDBA9F00A3FE76 /* TZMainContentView.m */; };
		198EDC581CDDC56300A3FE76 /* TZMainContentCell.m in Sources */ = {isa = PBXBuildFile; fileRef = 198EDC561CDDC56300A3FE76 /* TZMainContentCell.m */; };
		198EDC591CDDC56300A3FE76 /* TZMainContentCell.xib in Resources */ = {isa = PBXBuildFile; fileRef = 198EDC571CDDC56300A3FE76 /* TZMainContentCell.xib */; };
		198EDC5D1CDDCE1C00A3FE76 /* TZMainContentModel.m in Sources */ = {isa = PBXBuildFile; fileRef = 198EDC5C1CDDCE1C00A3FE76 /* TZMainContentModel.m */; };
		198EDC601CDE29DC00A3FE76 /* Assets.xcassets in Resources */ = {isa = PBXBuildFile; fileRef = 198EDC5F1CDE29DC00A3FE76 /* Assets.xcassets */; };
		198EDC6B1CDE29EA00A3FE76 /* lufei-1.png in Resources */ = {isa = PBXBuildFile; fileRef = 198EDC621CDE29EA00A3FE76 /* lufei-1.png */; };
		198EDC6C1CDE29EA00A3FE76 /* lufei-2.png in Resources */ = {isa = PBXBuildFile; fileRef = 198EDC631CDE29EA00A3FE76 /* lufei-2.png */; };
		198EDC6D1CDE29EA00A3FE76 /* lufei-3.png in Resources */ = {isa = PBXBuildFile; fileRef = 198EDC641CDE29EA00A3FE76 /* lufei-3.png */; };
		198EDC6E1CDE29EA00A3FE76 /* lufei-4.png in Resources */ = {isa = PBXBuildFile; fileRef = 198EDC651CDE29EA00A3FE76 /* lufei-4.png */; };
		198EDC6F1CDE29EA00A3FE76 /* lufei-5.png in Resources */ = {isa = PBXBuildFile; fileRef = 198EDC661CDE29EA00A3FE76 /* lufei-5.png */; };
		198EDC701CDE29EA00A3FE76 /* lufei-6.png in Resources */ = {isa = PBXBuildFile; fileRef = 198EDC671CDE29EA00A3FE76 /* lufei-6.png */; };
		198EDC711CDE29EA00A3FE76 /* lufei-7.png in Resources */ = {isa = PBXBuildFile; fileRef = 198EDC681CDE29EA00A3FE76 /* lufei-7.png */; };
		198EDC721CDE29EA00A3FE76 /* lufei-8.png in Resources */ = {isa = PBXBuildFile; fileRef = 198EDC691CDE29EA00A3FE76 /* lufei-8.png */; };
		198EDC731CDE29EA00A3FE76 /* lufei-9.png in Resources */ = {isa = PBXBuildFile; fileRef = 198EDC6A1CDE29EA00A3FE76 /* lufei-9.png */; };
		198EDC791CDF5A4200A3FE76 /* UIView+FrameChange.m in Sources */ = {isa = PBXBuildFile; fileRef = 198EDC781CDF5A4200A3FE76 /* UIView+FrameChange.m */; };
		19C7FC951CE316790021F702 /* TZMainDataSourceManager.m in Sources */ = {isa = PBXBuildFile; fileRef = 19C7FC941CE316790021F702 /* TZMainDataSourceManager.m */; };
		19C7FC981CE318730021F702 /* TZMainGuideView.m in Sources */ = {isa = PBXBuildFile; fileRef = 19C7FC971CE318730021F702 /* TZMainGuideView.m */; };
		19C7FC9E1CE331B70021F702 /* TZCreateChallengeController.m in Sources */ = {isa = PBXBuildFile; fileRef = 19C7FC9D1CE331B70021F702 /* TZCreateChallengeController.m */; };
		19C7FCA11CE333BB0021F702 /* TZTextField.m in Sources */ = {isa = PBXBuildFile; fileRef = 19C7FCA01CE333BB0021F702 /* TZTextField.m */; };
		19C7FCA61CE372DC0021F702 /* TZPickerView.m in Sources */ = {isa = PBXBuildFile; fileRef = 19C7FCA51CE372DC0021F702 /* TZPickerView.m */; };
		19C7FCAB1CE436850021F702 /* TZTestView.m in Sources */ = {isa = PBXBuildFile; fileRef = 19C7FCAA1CE436850021F702 /* TZTestView.m */; };
		19C7FCAD1CE436940021F702 /* TZTestView.xib in Resources */ = {isa = PBXBuildFile; fileRef = 19C7FCAC1CE436940021F702 /* TZTestView.xib */; };
		19C7FCB11CE459D20021F702 /* TZChoosePictureController.m in Sources */ = {isa = PBXBuildFile; fileRef = 19C7FCB01CE459D20021F702 /* TZChoosePictureController.m */; };
		19C86D631CDC9181006C34C3 /* TZMainViewController.m in Sources */ = {isa = PBXBuildFile; fileRef = 19C86D621CDC9181006C34C3 /* TZMainViewController.m */; };
		19C86D6C1CDC9193006C34C3 /* main.m in Sources */ = {isa = PBXBuildFile; fileRef = 19C86D6A1CDC9193006C34C3 /* main.m */; };
		19C86D731CDC9CFB006C34C3 /* TZNavigationController.m in Sources */ = {isa = PBXBuildFile; fileRef = 19C86D721CDC9CFB006C34C3 /* TZNavigationController.m */; };
		19C86D771CDC9DD9006C34C3 /* UIImage+Utils.m in Sources */ = {isa = PBXBuildFile; fileRef = 19C86D761CDC9DD9006C34C3 /* UIImage+Utils.m */; };
		19C86D7B1CDCACF7006C34C3 /* TZGlobalConfigManager.m in Sources */ = {isa = PBXBuildFile; fileRef = 19C86D7A1CDCACF7006C34C3 /* TZGlobalConfigManager.m */; };
		376C94BB7FA6390DFFB47685 /* libPods-30DaysChallenge.a in Frameworks */ = {isa = PBXBuildFile; fileRef = 96F46FBD7F59FC2CEB3AB297 /* libPods-30DaysChallenge.a */; };
/* End PBXBuildFile section */

/* Begin PBXContainerItemProxy section */
		196285CD1CD1AD9200C1CC06 /* PBXContainerItemProxy */ = {
			isa = PBXContainerItemProxy;
			containerPortal = 196285AB1CD1AD9200C1CC06 /* Project object */;
			proxyType = 1;
			remoteGlobalIDString = 196285B21CD1AD9200C1CC06;
			remoteInfo = 30DaysChallenge;
		};
		196285D81CD1AD9200C1CC06 /* PBXContainerItemProxy */ = {
			isa = PBXContainerItemProxy;
			containerPortal = 196285AB1CD1AD9200C1CC06 /* Project object */;
			proxyType = 1;
			remoteGlobalIDString = 196285B21CD1AD9200C1CC06;
			remoteInfo = 30DaysChallenge;
		};
/* End PBXContainerItemProxy section */

/* Begin PBXFileReference section */
		191982FB1CE066600011DDB8 /* TZMainButton.h */ = {isa = PBXFileReference; fileEncoding = 4; lastKnownFileType = sourcecode.c.h; path = TZMainButton.h; sourceTree = "<group>"; };
		191982FC1CE066600011DDB8 /* TZMainButton.m */ = {isa = PBXFileReference; fileEncoding = 4; lastKnownFileType = sourcecode.c.objc; path = TZMainButton.m; sourceTree = "<group>"; };
		191983011CE097CA0011DDB8 /* TZDataSourceDAO.h */ = {isa = PBXFileReference; fileEncoding = 4; lastKnownFileType = sourcecode.c.h; path = TZDataSourceDAO.h; sourceTree = "<group>"; };
		191983021CE097CA0011DDB8 /* TZDataSourceDAO.m */ = {isa = PBXFileReference; fileEncoding = 4; lastKnownFileType = sourcecode.c.objc; path = TZDataSourceDAO.m; sourceTree = "<group>"; };
		191983041CE098920011DDB8 /* TZAbstractDAO.h */ = {isa = PBXFileReference; fileEncoding = 4; lastKnownFileType = sourcecode.c.h; path = TZAbstractDAO.h; sourceTree = "<group>"; };
		191983051CE098920011DDB8 /* TZAbstractDAO.m */ = {isa = PBXFileReference; fileEncoding = 4; lastKnownFileType = sourcecode.c.objc; path = TZAbstractDAO.m; sourceTree = "<group>"; };
		191983071CE098C00011DDB8 /* TZDBDataSource.h */ = {isa = PBXFileReference; fileEncoding = 4; lastKnownFileType = sourcecode.c.h; path = TZDBDataSource.h; sourceTree = "<group>"; };
		191983081CE098C00011DDB8 /* TZDBDataSource.m */ = {isa = PBXFileReference; fileEncoding = 4; lastKnownFileType = sourcecode.c.objc; path = TZDBDataSource.m; sourceTree = "<group>"; };
		1950608A1CDC8B5E00C2C927 /* TZViewController.h */ = {isa = PBXFileReference; fileEncoding = 4; lastKnownFileType = sourcecode.c.h; path = TZViewController.h; sourceTree = "<group>"; };
		1950608B1CDC8B5E00C2C927 /* TZViewController.m */ = {isa = PBXFileReference; fileEncoding = 4; lastKnownFileType = sourcecode.c.objc; path = TZViewController.m; sourceTree = "<group>"; };
		1950608D1CDC8B7500C2C927 /* TZTableViewController.h */ = {isa = PBXFileReference; fileEncoding = 4; lastKnownFileType = sourcecode.c.h; path = TZTableViewController.h; sourceTree = "<group>"; };
		1950608E1CDC8B7500C2C927 /* TZTableViewController.m */ = {isa = PBXFileReference; fileEncoding = 4; lastKnownFileType = sourcecode.c.objc; path = TZTableViewController.m; sourceTree = "<group>"; };
		195060901CDC8B8B00C2C927 /* TZTableView.h */ = {isa = PBXFileReference; fileEncoding = 4; lastKnownFileType = sourcecode.c.h; path = TZTableView.h; sourceTree = "<group>"; };
		195060911CDC8B8B00C2C927 /* TZTableView.m */ = {isa = PBXFileReference; fileEncoding = 4; lastKnownFileType = sourcecode.c.objc; path = TZTableView.m; sourceTree = "<group>"; };
		196285B31CD1AD9200C1CC06 /* 30DaysChallenge.app */ = {isa = PBXFileReference; explicitFileType = wrapper.application; includeInIndex = 0; path = 30DaysChallenge.app; sourceTree = BUILT_PRODUCTS_DIR; };
		196285B91CD1AD9200C1CC06 /* TZAppDelegate.h */ = {isa = PBXFileReference; lastKnownFileType = sourcecode.c.h; path = TZAppDelegate.h; sourceTree = "<group>"; };
		196285BA1CD1AD9200C1CC06 /* TZAppDelegate.m */ = {isa = PBXFileReference; lastKnownFileType = sourcecode.c.objc; path = TZAppDelegate.m; sourceTree = "<group>"; };
		196285C01CD1AD9200C1CC06 /* Base */ = {isa = PBXFileReference; lastKnownFileType = file.storyboard; name = Base; path = Base.lproj/Main.storyboard; sourceTree = "<group>"; };
		196285C51CD1AD9200C1CC06 /* Base */ = {isa = PBXFileReference; lastKnownFileType = file.storyboard; name = Base; path = Base.lproj/LaunchScreen.storyboard; sourceTree = "<group>"; };
		196285CC1CD1AD9200C1CC06 /* 30DaysChallengeTests.xctest */ = {isa = PBXFileReference; explicitFileType = wrapper.cfbundle; includeInIndex = 0; path = 30DaysChallengeTests.xctest; sourceTree = BUILT_PRODUCTS_DIR; };
		196285D01CD1AD9200C1CC06 /* _0DaysChallengeTests.m */ = {isa = PBXFileReference; lastKnownFileType = sourcecode.c.objc; path = _0DaysChallengeTests.m; sourceTree = "<group>"; };
		196285D21CD1AD9200C1CC06 /* Info.plist */ = {isa = PBXFileReference; lastKnownFileType = text.plist.xml; path = Info.plist; sourceTree = "<group>"; };
		196285D71CD1AD9200C1CC06 /* 30DaysChallengeUITests.xctest */ = {isa = PBXFileReference; explicitFileType = wrapper.cfbundle; includeInIndex = 0; path = 30DaysChallengeUITests.xctest; sourceTree = BUILT_PRODUCTS_DIR; };
		196285DB1CD1AD9200C1CC06 /* _0DaysChallengeUITests.m */ = {isa = PBXFileReference; lastKnownFileType = sourcecode.c.objc; path = _0DaysChallengeUITests.m; sourceTree = "<group>"; };
		196285DD1CD1AD9200C1CC06 /* Info.plist */ = {isa = PBXFileReference; lastKnownFileType = text.plist.xml; path = Info.plist; sourceTree = "<group>"; };
		198EDC521CDDBA9F00A3FE76 /* TZMainContentView.h */ = {isa = PBXFileReference; fileEncoding = 4; lastKnownFileType = sourcecode.c.h; path = TZMainContentView.h; sourceTree = "<group>"; };
		198EDC531CDDBA9F00A3FE76 /* TZMainContentView.m */ = {isa = PBXFileReference; fileEncoding = 4; lastKnownFileType = sourcecode.c.objc; path = TZMainContentView.m; sourceTree = "<group>"; };
		198EDC551CDDC56300A3FE76 /* TZMainContentCell.h */ = {isa = PBXFileReference; fileEncoding = 4; lastKnownFileType = sourcecode.c.h; path = TZMainContentCell.h; sourceTree = "<group>"; };
		198EDC561CDDC56300A3FE76 /* TZMainContentCell.m */ = {isa = PBXFileReference; fileEncoding = 4; lastKnownFileType = sourcecode.c.objc; path = TZMainContentCell.m; sourceTree = "<group>"; };
		198EDC571CDDC56300A3FE76 /* TZMainContentCell.xib */ = {isa = PBXFileReference; fileEncoding = 4; lastKnownFileType = file.xib; path = TZMainContentCell.xib; sourceTree = "<group>"; };
		198EDC5B1CDDCE1C00A3FE76 /* TZMainContentModel.h */ = {isa = PBXFileReference; fileEncoding = 4; lastKnownFileType = sourcecode.c.h; path = TZMainContentModel.h; sourceTree = "<group>"; };
		198EDC5C1CDDCE1C00A3FE76 /* TZMainContentModel.m */ = {isa = PBXFileReference; fileEncoding = 4; lastKnownFileType = sourcecode.c.objc; path = TZMainContentModel.m; sourceTree = "<group>"; };
		198EDC5F1CDE29DC00A3FE76 /* Assets.xcassets */ = {isa = PBXFileReference; lastKnownFileType = folder.assetcatalog; path = Assets.xcassets; sourceTree = "<group>"; };
		198EDC621CDE29EA00A3FE76 /* lufei-1.png */ = {isa = PBXFileReference; lastKnownFileType = image.png; path = "lufei-1.png"; sourceTree = "<group>"; };
		198EDC631CDE29EA00A3FE76 /* lufei-2.png */ = {isa = PBXFileReference; lastKnownFileType = image.png; path = "lufei-2.png"; sourceTree = "<group>"; };
		198EDC641CDE29EA00A3FE76 /* lufei-3.png */ = {isa = PBXFileReference; lastKnownFileType = image.png; path = "lufei-3.png"; sourceTree = "<group>"; };
		198EDC651CDE29EA00A3FE76 /* lufei-4.png */ = {isa = PBXFileReference; lastKnownFileType = image.png; path = "lufei-4.png"; sourceTree = "<group>"; };
		198EDC661CDE29EA00A3FE76 /* lufei-5.png */ = {isa = PBXFileReference; lastKnownFileType = image.png; path = "lufei-5.png"; sourceTree = "<group>"; };
		198EDC671CDE29EA00A3FE76 /* lufei-6.png */ = {isa = PBXFileReference; lastKnownFileType = image.png; path = "lufei-6.png"; sourceTree = "<group>"; };
		198EDC681CDE29EA00A3FE76 /* lufei-7.png */ = {isa = PBXFileReference; lastKnownFileType = image.png; path = "lufei-7.png"; sourceTree = "<group>"; };
		198EDC691CDE29EA00A3FE76 /* lufei-8.png */ = {isa = PBXFileReference; lastKnownFileType = image.png; path = "lufei-8.png"; sourceTree = "<group>"; };
		198EDC6A1CDE29EA00A3FE76 /* lufei-9.png */ = {isa = PBXFileReference; lastKnownFileType = image.png; path = "lufei-9.png"; sourceTree = "<group>"; };
		198EDC771CDF5A4200A3FE76 /* UIView+FrameChange.h */ = {isa = PBXFileReference; fileEncoding = 4; lastKnownFileType = sourcecode.c.h; path = "UIView+FrameChange.h"; sourceTree = "<group>"; };
		198EDC781CDF5A4200A3FE76 /* UIView+FrameChange.m */ = {isa = PBXFileReference; fileEncoding = 4; lastKnownFileType = sourcecode.c.objc; path = "UIView+FrameChange.m"; sourceTree = "<group>"; };
		19C7FC931CE316790021F702 /* TZMainDataSourceManager.h */ = {isa = PBXFileReference; fileEncoding = 4; lastKnownFileType = sourcecode.c.h; path = TZMainDataSourceManager.h; sourceTree = "<group>"; };
		19C7FC941CE316790021F702 /* TZMainDataSourceManager.m */ = {isa = PBXFileReference; fileEncoding = 4; lastKnownFileType = sourcecode.c.objc; path = TZMainDataSourceManager.m; sourceTree = "<group>"; };
		19C7FC961CE318730021F702 /* TZMainGuideView.h */ = {isa = PBXFileReference; fileEncoding = 4; lastKnownFileType = sourcecode.c.h; path = TZMainGuideView.h; sourceTree = "<group>"; };
		19C7FC971CE318730021F702 /* TZMainGuideView.m */ = {isa = PBXFileReference; fileEncoding = 4; lastKnownFileType = sourcecode.c.objc; path = TZMainGuideView.m; sourceTree = "<group>"; };
		19C7FC9C1CE331B70021F702 /* TZCreateChallengeController.h */ = {isa = PBXFileReference; fileEncoding = 4; lastKnownFileType = sourcecode.c.h; path = TZCreateChallengeController.h; sourceTree = "<group>"; };
		19C7FC9D1CE331B70021F702 /* TZCreateChallengeController.m */ = {isa = PBXFileReference; fileEncoding = 4; lastKnownFileType = sourcecode.c.objc; path = TZCreateChallengeController.m; sourceTree = "<group>"; };
		19C7FC9F1CE333BB0021F702 /* TZTextField.h */ = {isa = PBXFileReference; fileEncoding = 4; lastKnownFileType = sourcecode.c.h; path = TZTextField.h; sourceTree = "<group>"; };
		19C7FCA01CE333BB0021F702 /* TZTextField.m */ = {isa = PBXFileReference; fileEncoding = 4; lastKnownFileType = sourcecode.c.objc; path = TZTextField.m; sourceTree = "<group>"; };
		19C7FCA41CE372DC0021F702 /* TZPickerView.h */ = {isa = PBXFileReference; fileEncoding = 4; lastKnownFileType = sourcecode.c.h; path = TZPickerView.h; sourceTree = "<group>"; };
		19C7FCA51CE372DC0021F702 /* TZPickerView.m */ = {isa = PBXFileReference; fileEncoding = 4; lastKnownFileType = sourcecode.c.objc; path = TZPickerView.m; sourceTree = "<group>"; };
		19C7FCA91CE436850021F702 /* TZTestView.h */ = {isa = PBXFileReference; fileEncoding = 4; lastKnownFileType = sourcecode.c.h; path = TZTestView.h; sourceTree = "<group>"; };
		19C7FCAA1CE436850021F702 /* TZTestView.m */ = {isa = PBXFileReference; fileEncoding = 4; lastKnownFileType = sourcecode.c.objc; path = TZTestView.m; sourceTree = "<group>"; };
		19C7FCAC1CE436940021F702 /* TZTestView.xib */ = {isa = PBXFileReference; fileEncoding = 4; lastKnownFileType = file.xib; path = TZTestView.xib; sourceTree = "<group>"; };
		19C7FCAF1CE459D20021F702 /* TZChoosePictureController.h */ = {isa = PBXFileReference; fileEncoding = 4; lastKnownFileType = sourcecode.c.h; path = TZChoosePictureController.h; sourceTree = "<group>"; };
		19C7FCB01CE459D20021F702 /* TZChoosePictureController.m */ = {isa = PBXFileReference; fileEncoding = 4; lastKnownFileType = sourcecode.c.objc; path = TZChoosePictureController.m; sourceTree = "<group>"; };
		19C86D611CDC9181006C34C3 /* TZMainViewController.h */ = {isa = PBXFileReference; fileEncoding = 4; lastKnownFileType = sourcecode.c.h; path = TZMainViewController.h; sourceTree = "<group>"; };
		19C86D621CDC9181006C34C3 /* TZMainViewController.m */ = {isa = PBXFileReference; fileEncoding = 4; lastKnownFileType = sourcecode.c.objc; path = TZMainViewController.m; sourceTree = "<group>"; };
		19C86D651CDC9193006C34C3 /* 30DaysChallenge-Import.pch */ = {isa = PBXFileReference; fileEncoding = 4; lastKnownFileType = sourcecode.c.h; path = "30DaysChallenge-Import.pch"; sourceTree = "<group>"; };
		19C86D661CDC9193006C34C3 /* 30DaysChallenge-Macros.pch */ = {isa = PBXFileReference; fileEncoding = 4; lastKnownFileType = sourcecode.c.h; path = "30DaysChallenge-Macros.pch"; sourceTree = "<group>"; };
		19C86D671CDC9193006C34C3 /* 30DaysChallenge-PrefixHeader.pch */ = {isa = PBXFileReference; fileEncoding = 4; lastKnownFileType = sourcecode.c.h; path = "30DaysChallenge-PrefixHeader.pch"; sourceTree = "<group>"; };
		19C86D681CDC9193006C34C3 /* 30DaysChallenge-TypeDefs.pch */ = {isa = PBXFileReference; fileEncoding = 4; lastKnownFileType = sourcecode.c.h; path = "30DaysChallenge-TypeDefs.pch"; sourceTree = "<group>"; };
		19C86D6A1CDC9193006C34C3 /* main.m */ = {isa = PBXFileReference; fileEncoding = 4; lastKnownFileType = sourcecode.c.objc; path = main.m; sourceTree = "<group>"; };
		19C86D6F1CDC9226006C34C3 /* Info.plist */ = {isa = PBXFileReference; fileEncoding = 4; lastKnownFileType = text.plist.xml; name = Info.plist; path = ../Info.plist; sourceTree = "<group>"; };
		19C86D711CDC9CFB006C34C3 /* TZNavigationController.h */ = {isa = PBXFileReference; fileEncoding = 4; lastKnownFileType = sourcecode.c.h; path = TZNavigationController.h; sourceTree = "<group>"; };
		19C86D721CDC9CFB006C34C3 /* TZNavigationController.m */ = {isa = PBXFileReference; fileEncoding = 4; lastKnownFileType = sourcecode.c.objc; path = TZNavigationController.m; sourceTree = "<group>"; };
		19C86D751CDC9DD9006C34C3 /* UIImage+Utils.h */ = {isa = PBXFileReference; fileEncoding = 4; lastKnownFileType = sourcecode.c.h; path = "UIImage+Utils.h"; sourceTree = "<group>"; };
		19C86D761CDC9DD9006C34C3 /* UIImage+Utils.m */ = {isa = PBXFileReference; fileEncoding = 4; lastKnownFileType = sourcecode.c.objc; path = "UIImage+Utils.m"; sourceTree = "<group>"; };
		19C86D791CDCACF7006C34C3 /* TZGlobalConfigManager.h */ = {isa = PBXFileReference; fileEncoding = 4; lastKnownFileType = sourcecode.c.h; path = TZGlobalConfigManager.h; sourceTree = "<group>"; };
		19C86D7A1CDCACF7006C34C3 /* TZGlobalConfigManager.m */ = {isa = PBXFileReference; fileEncoding = 4; lastKnownFileType = sourcecode.c.objc; path = TZGlobalConfigManager.m; sourceTree = "<group>"; };
		20C49D101C007568B1110729 /* Pods-30DaysChallenge.debug.xcconfig */ = {isa = PBXFileReference; includeInIndex = 1; lastKnownFileType = text.xcconfig; name = "Pods-30DaysChallenge.debug.xcconfig"; path = "Pods/Target Support Files/Pods-30DaysChallenge/Pods-30DaysChallenge.debug.xcconfig"; sourceTree = "<group>"; };
		67769E24E3C89852527F8BDD /* Pods-30DaysChallenge.release.xcconfig */ = {isa = PBXFileReference; includeInIndex = 1; lastKnownFileType = text.xcconfig; name = "Pods-30DaysChallenge.release.xcconfig"; path = "Pods/Target Support Files/Pods-30DaysChallenge/Pods-30DaysChallenge.release.xcconfig"; sourceTree = "<group>"; };
		96F46FBD7F59FC2CEB3AB297 /* libPods-30DaysChallenge.a */ = {isa = PBXFileReference; explicitFileType = archive.ar; includeInIndex = 0; path = "libPods-30DaysChallenge.a"; sourceTree = BUILT_PRODUCTS_DIR; };
/* End PBXFileReference section */

/* Begin PBXFrameworksBuildPhase section */
		196285B01CD1AD9200C1CC06 /* Frameworks */ = {
			isa = PBXFrameworksBuildPhase;
			buildActionMask = 2147483647;
			files = (
				376C94BB7FA6390DFFB47685 /* libPods-30DaysChallenge.a in Frameworks */,
			);
			runOnlyForDeploymentPostprocessing = 0;
		};
		196285C91CD1AD9200C1CC06 /* Frameworks */ = {
			isa = PBXFrameworksBuildPhase;
			buildActionMask = 2147483647;
			files = (
			);
			runOnlyForDeploymentPostprocessing = 0;
		};
		196285D41CD1AD9200C1CC06 /* Frameworks */ = {
			isa = PBXFrameworksBuildPhase;
			buildActionMask = 2147483647;
			files = (
			);
			runOnlyForDeploymentPostprocessing = 0;
		};
/* End PBXFrameworksBuildPhase section */

/* Begin PBXGroup section */
		1950607D1CDC8A3900C2C927 /* Assets */ = {
			isa = PBXGroup;
			children = (
				198EDC5E1CDE29DC00A3FE76 /* Image */,
			);
			path = Assets;
			sourceTree = "<group>";
		};
		1950607E1CDC8A3900C2C927 /* Bussines */ = {
			isa = PBXGroup;
			children = (
			);
			path = Bussines;
			sourceTree = "<group>";
		};
		1950607F1CDC8A3900C2C927 /* Common */ = {
			isa = PBXGroup;
			children = (
				19C86D741CDC9D9B006C34C3 /* Category */,
			);
			path = Common;
			sourceTree = "<group>";
		};
		195060801CDC8A3900C2C927 /* Controllers */ = {
			isa = PBXGroup;
			children = (
				195060871CDC8AA900C2C927 /* Main */,
				19C7FC9B1CE3318D0021F702 /* Create */,
				19C7FCAE1CE459B10021F702 /* Picture */,
				195060881CDC8B3000C2C927 /* Common */,
			);
			path = Controllers;
			sourceTree = "<group>";
		};
		195060811CDC8A3900C2C927 /* DAO */ = {
			isa = PBXGroup;
			children = (
				191983011CE097CA0011DDB8 /* TZDataSourceDAO.h */,
				191983021CE097CA0011DDB8 /* TZDataSourceDAO.m */,
				191983041CE098920011DDB8 /* TZAbstractDAO.h */,
				191983051CE098920011DDB8 /* TZAbstractDAO.m */,
				191983071CE098C00011DDB8 /* TZDBDataSource.h */,
				191983081CE098C00011DDB8 /* TZDBDataSource.m */,
			);
			path = DAO;
			sourceTree = "<group>";
		};
		195060821CDC8A3900C2C927 /* Factories */ = {
			isa = PBXGroup;
			children = (
			);
			path = Factories;
			sourceTree = "<group>";
		};
		195060831CDC8A3900C2C927 /* Managers */ = {
			isa = PBXGroup;
			children = (
				19C7FC921CE315F50021F702 /* Main */,
				19C86D781CDCACC5006C34C3 /* Config */,
			);
			path = Managers;
			sourceTree = "<group>";
		};
		195060841CDC8A3900C2C927 /* Models */ = {
			isa = PBXGroup;
			children = (
				198EDC5A1CDDCBDD00A3FE76 /* Main */,
			);
			path = Models;
			sourceTree = "<group>";
		};
		195060851CDC8A3900C2C927 /* Views */ = {
			isa = PBXGroup;
			children = (
				195060861CDC8A9000C2C927 /* Main */,
				195060891CDC8B3E00C2C927 /* Common */,
			);
			path = Views;
			sourceTree = "<group>";
		};
		195060861CDC8A9000C2C927 /* Main */ = {
			isa = PBXGroup;
			children = (
				198EDC521CDDBA9F00A3FE76 /* TZMainContentView.h */,
				198EDC531CDDBA9F00A3FE76 /* TZMainContentView.m */,
				191982FB1CE066600011DDB8 /* TZMainButton.h */,
				191982FC1CE066600011DDB8 /* TZMainButton.m */,
				19C7FC961CE318730021F702 /* TZMainGuideView.h */,
				19C7FC971CE318730021F702 /* TZMainGuideView.m */,
				198EDC551CDDC56300A3FE76 /* TZMainContentCell.h */,
				198EDC561CDDC56300A3FE76 /* TZMainContentCell.m */,
				198EDC571CDDC56300A3FE76 /* TZMainContentCell.xib */,
				196285BF1CD1AD9200C1CC06 /* Main.storyboard */,
				196285C41CD1AD9200C1CC06 /* LaunchScreen.storyboard */,
			);
			path = Main;
			sourceTree = "<group>";
		};
		195060871CDC8AA900C2C927 /* Main */ = {
			isa = PBXGroup;
			children = (
				19C86D611CDC9181006C34C3 /* TZMainViewController.h */,
				19C86D621CDC9181006C34C3 /* TZMainViewController.m */,
			);
			path = Main;
			sourceTree = "<group>";
		};
		195060881CDC8B3000C2C927 /* Common */ = {
			isa = PBXGroup;
			children = (
				1950608A1CDC8B5E00C2C927 /* TZViewController.h */,
				1950608B1CDC8B5E00C2C927 /* TZViewController.m */,
				1950608D1CDC8B7500C2C927 /* TZTableViewController.h */,
				1950608E1CDC8B7500C2C927 /* TZTableViewController.m */,
				19C86D711CDC9CFB006C34C3 /* TZNavigationController.h */,
				19C86D721CDC9CFB006C34C3 /* TZNavigationController.m */,
			);
			path = Common;
			sourceTree = "<group>";
		};
		195060891CDC8B3E00C2C927 /* Common */ = {
			isa = PBXGroup;
			children = (
				195060901CDC8B8B00C2C927 /* TZTableView.h */,
				195060911CDC8B8B00C2C927 /* TZTableView.m */,
				19C7FC9F1CE333BB0021F702 /* TZTextField.h */,
				19C7FCA01CE333BB0021F702 /* TZTextField.m */,
				19C7FCA41CE372DC0021F702 /* TZPickerView.h */,
				19C7FCA51CE372DC0021F702 /* TZPickerView.m */,
				19C7FCA91CE436850021F702 /* TZTestView.h */,
				19C7FCAA1CE436850021F702 /* TZTestView.m */,
				19C7FCAC1CE436940021F702 /* TZTestView.xib */,
			);
			path = Common;
			sourceTree = "<group>";
		};
		196285AA1CD1AD9200C1CC06 = {
			isa = PBXGroup;
			children = (
				196285B51CD1AD9200C1CC06 /* 30DaysChallenge */,
				196285CF1CD1AD9200C1CC06 /* 30DaysChallengeTests */,
				196285DA1CD1AD9200C1CC06 /* 30DaysChallengeUITests */,
				196285B41CD1AD9200C1CC06 /* Products */,
				7E97064C6DFD3C6659B8791A /* Pods */,
				4C87EA04065417C1083E50E2 /* Frameworks */,
			);
			sourceTree = "<group>";
		};
		196285B41CD1AD9200C1CC06 /* Products */ = {
			isa = PBXGroup;
			children = (
				196285B31CD1AD9200C1CC06 /* 30DaysChallenge.app */,
				196285CC1CD1AD9200C1CC06 /* 30DaysChallengeTests.xctest */,
				196285D71CD1AD9200C1CC06 /* 30DaysChallengeUITests.xctest */,
			);
			name = Products;
			sourceTree = "<group>";
		};
		196285B51CD1AD9200C1CC06 /* 30DaysChallenge */ = {
			isa = PBXGroup;
			children = (
				196285B91CD1AD9200C1CC06 /* TZAppDelegate.h */,
				196285BA1CD1AD9200C1CC06 /* TZAppDelegate.m */,
				195060801CDC8A3900C2C927 /* Controllers */,
				195060851CDC8A3900C2C927 /* Views */,
				195060841CDC8A3900C2C927 /* Models */,
				1950607F1CDC8A3900C2C927 /* Common */,
				198EDC7A1CDF6F1500A3FE76 /* Libraries */,
				195060831CDC8A3900C2C927 /* Managers */,
				1950607E1CDC8A3900C2C927 /* Bussines */,
				195060821CDC8A3900C2C927 /* Factories */,
				195060811CDC8A3900C2C927 /* DAO */,
				1950607D1CDC8A3900C2C927 /* Assets */,
				19C86D641CDC9193006C34C3 /* Supporting Files */,
			);
			path = 30DaysChallenge;
			sourceTree = "<group>";
		};
		196285CF1CD1AD9200C1CC06 /* 30DaysChallengeTests */ = {
			isa = PBXGroup;
			children = (
				196285D01CD1AD9200C1CC06 /* _0DaysChallengeTests.m */,
				196285D21CD1AD9200C1CC06 /* Info.plist */,
			);
			path = 30DaysChallengeTests;
			sourceTree = "<group>";
		};
		196285DA1CD1AD9200C1CC06 /* 30DaysChallengeUITests */ = {
			isa = PBXGroup;
			children = (
				196285DB1CD1AD9200C1CC06 /* _0DaysChallengeUITests.m */,
				196285DD1CD1AD9200C1CC06 /* Info.plist */,
			);
			path = 30DaysChallengeUITests;
			sourceTree = "<group>";
		};
		198EDC5A1CDDCBDD00A3FE76 /* Main */ = {
			isa = PBXGroup;
			children = (
				198EDC5B1CDDCE1C00A3FE76 /* TZMainContentModel.h */,
				198EDC5C1CDDCE1C00A3FE76 /* TZMainContentModel.m */,
			);
			path = Main;
			sourceTree = "<group>";
		};
		198EDC5E1CDE29DC00A3FE76 /* Image */ = {
			isa = PBXGroup;
			children = (
				198EDC611CDE29EA00A3FE76 /* 路飞 */,
				198EDC5F1CDE29DC00A3FE76 /* Assets.xcassets */,
			);
			path = Image;
			sourceTree = "<group>";
		};
		198EDC611CDE29EA00A3FE76 /* 路飞 */ = {
			isa = PBXGroup;
			children = (
				198EDC621CDE29EA00A3FE76 /* lufei-1.png */,
				198EDC631CDE29EA00A3FE76 /* lufei-2.png */,
				198EDC641CDE29EA00A3FE76 /* lufei-3.png */,
				198EDC651CDE29EA00A3FE76 /* lufei-4.png */,
				198EDC661CDE29EA00A3FE76 /* lufei-5.png */,
				198EDC671CDE29EA00A3FE76 /* lufei-6.png */,
				198EDC681CDE29EA00A3FE76 /* lufei-7.png */,
				198EDC691CDE29EA00A3FE76 /* lufei-8.png */,
				198EDC6A1CDE29EA00A3FE76 /* lufei-9.png */,
			);
			path = "路飞";
			sourceTree = "<group>";
		};
		198EDC7A1CDF6F1500A3FE76 /* Libraries */ = {
			isa = PBXGroup;
			children = (
			);
			path = Libraries;
			sourceTree = "<group>";
		};
		19C7FC921CE315F50021F702 /* Main */ = {
			isa = PBXGroup;
			children = (
				19C7FC931CE316790021F702 /* TZMainDataSourceManager.h */,
				19C7FC941CE316790021F702 /* TZMainDataSourceManager.m */,
			);
			path = Main;
			sourceTree = "<group>";
		};
		19C7FC9B1CE3318D0021F702 /* Create */ = {
			isa = PBXGroup;
			children = (
				19C7FC9C1CE331B70021F702 /* TZCreateChallengeController.h */,
				19C7FC9D1CE331B70021F702 /* TZCreateChallengeController.m */,
			);
			path = Create;
			sourceTree = "<group>";
		};
		19C7FCAE1CE459B10021F702 /* Picture */ = {
			isa = PBXGroup;
			children = (
				19C7FCAF1CE459D20021F702 /* TZChoosePictureController.h */,
				19C7FCB01CE459D20021F702 /* TZChoosePictureController.m */,
			);
			path = Picture;
			sourceTree = "<group>";
		};
		19C86D641CDC9193006C34C3 /* Supporting Files */ = {
			isa = PBXGroup;
			children = (
				19C86D671CDC9193006C34C3 /* 30DaysChallenge-PrefixHeader.pch */,
				19C86D651CDC9193006C34C3 /* 30DaysChallenge-Import.pch */,
				19C86D661CDC9193006C34C3 /* 30DaysChallenge-Macros.pch */,
				19C86D681CDC9193006C34C3 /* 30DaysChallenge-TypeDefs.pch */,
				19C86D6F1CDC9226006C34C3 /* Info.plist */,
				19C86D6A1CDC9193006C34C3 /* main.m */,
			);
			path = "Supporting Files";
			sourceTree = "<group>";
		};
		19C86D741CDC9D9B006C34C3 /* Category */ = {
			isa = PBXGroup;
			children = (
				198EDC771CDF5A4200A3FE76 /* UIView+FrameChange.h */,
				198EDC781CDF5A4200A3FE76 /* UIView+FrameChange.m */,
				19C86D751CDC9DD9006C34C3 /* UIImage+Utils.h */,
				19C86D761CDC9DD9006C34C3 /* UIImage+Utils.m */,
			);
			path = Category;
			sourceTree = "<group>";
		};
		19C86D781CDCACC5006C34C3 /* Config */ = {
			isa = PBXGroup;
			children = (
				19C86D791CDCACF7006C34C3 /* TZGlobalConfigManager.h */,
				19C86D7A1CDCACF7006C34C3 /* TZGlobalConfigManager.m */,
			);
			path = Config;
			sourceTree = "<group>";
		};
		4C87EA04065417C1083E50E2 /* Frameworks */ = {
			isa = PBXGroup;
			children = (
				96F46FBD7F59FC2CEB3AB297 /* libPods-30DaysChallenge.a */,
			);
			name = Frameworks;
			sourceTree = "<group>";
		};
		7E97064C6DFD3C6659B8791A /* Pods */ = {
			isa = PBXGroup;
			children = (
				20C49D101C007568B1110729 /* Pods-30DaysChallenge.debug.xcconfig */,
				67769E24E3C89852527F8BDD /* Pods-30DaysChallenge.release.xcconfig */,
			);
			name = Pods;
			sourceTree = "<group>";
		};
/* End PBXGroup section */

/* Begin PBXNativeTarget section */
		196285B21CD1AD9200C1CC06 /* 30DaysChallenge */ = {
			isa = PBXNativeTarget;
			buildConfigurationList = 196285E01CD1AD9200C1CC06 /* Build configuration list for PBXNativeTarget "30DaysChallenge" */;
			buildPhases = (
				777D88CDF7FFBCB18454BF8F /* 📦 Check Pods Manifest.lock */,
				196285AF1CD1AD9200C1CC06 /* Sources */,
				196285B01CD1AD9200C1CC06 /* Frameworks */,
				196285B11CD1AD9200C1CC06 /* Resources */,
				2395208E053317B7DF22C345 /* 📦 Embed Pods Frameworks */,
				D89010E841D09EE034BE2319 /* 📦 Copy Pods Resources */,
			);
			buildRules = (
			);
			dependencies = (
			);
			name = 30DaysChallenge;
			productName = 30DaysChallenge;
			productReference = 196285B31CD1AD9200C1CC06 /* 30DaysChallenge.app */;
			productType = "com.apple.product-type.application";
		};
		196285CB1CD1AD9200C1CC06 /* 30DaysChallengeTests */ = {
			isa = PBXNativeTarget;
			buildConfigurationList = 196285E31CD1AD9200C1CC06 /* Build configuration list for PBXNativeTarget "30DaysChallengeTests" */;
			buildPhases = (
				196285C81CD1AD9200C1CC06 /* Sources */,
				196285C91CD1AD9200C1CC06 /* Frameworks */,
				196285CA1CD1AD9200C1CC06 /* Resources */,
			);
			buildRules = (
			);
			dependencies = (
				196285CE1CD1AD9200C1CC06 /* PBXTargetDependency */,
			);
			name = 30DaysChallengeTests;
			productName = 30DaysChallengeTests;
			productReference = 196285CC1CD1AD9200C1CC06 /* 30DaysChallengeTests.xctest */;
			productType = "com.apple.product-type.bundle.unit-test";
		};
		196285D61CD1AD9200C1CC06 /* 30DaysChallengeUITests */ = {
			isa = PBXNativeTarget;
			buildConfigurationList = 196285E61CD1AD9200C1CC06 /* Build configuration list for PBXNativeTarget "30DaysChallengeUITests" */;
			buildPhases = (
				196285D31CD1AD9200C1CC06 /* Sources */,
				196285D41CD1AD9200C1CC06 /* Frameworks */,
				196285D51CD1AD9200C1CC06 /* Resources */,
			);
			buildRules = (
			);
			dependencies = (
				196285D91CD1AD9200C1CC06 /* PBXTargetDependency */,
			);
			name = 30DaysChallengeUITests;
			productName = 30DaysChallengeUITests;
			productReference = 196285D71CD1AD9200C1CC06 /* 30DaysChallengeUITests.xctest */;
			productType = "com.apple.product-type.bundle.ui-testing";
		};
/* End PBXNativeTarget section */

/* Begin PBXProject section */
		196285AB1CD1AD9200C1CC06 /* Project object */ = {
			isa = PBXProject;
			attributes = {
				CLASSPREFIX = TZ;
				LastUpgradeCheck = 0720;
				ORGANIZATIONNAME = jiaxin;
				TargetAttributes = {
					196285B21CD1AD9200C1CC06 = {
						CreatedOnToolsVersion = 7.2;
					};
					196285CB1CD1AD9200C1CC06 = {
						CreatedOnToolsVersion = 7.2;
						TestTargetID = 196285B21CD1AD9200C1CC06;
					};
					196285D61CD1AD9200C1CC06 = {
						CreatedOnToolsVersion = 7.2;
						TestTargetID = 196285B21CD1AD9200C1CC06;
					};
				};
			};
			buildConfigurationList = 196285AE1CD1AD9200C1CC06 /* Build configuration list for PBXProject "30DaysChallenge" */;
			compatibilityVersion = "Xcode 3.2";
			developmentRegion = English;
			hasScannedForEncodings = 0;
			knownRegions = (
				en,
				Base,
			);
			mainGroup = 196285AA1CD1AD9200C1CC06;
			productRefGroup = 196285B41CD1AD9200C1CC06 /* Products */;
			projectDirPath = "";
			projectRoot = "";
			targets = (
				196285B21CD1AD9200C1CC06 /* 30DaysChallenge */,
				196285CB1CD1AD9200C1CC06 /* 30DaysChallengeTests */,
				196285D61CD1AD9200C1CC06 /* 30DaysChallengeUITests */,
			);
		};
/* End PBXProject section */

/* Begin PBXResourcesBuildPhase section */
		196285B11CD1AD9200C1CC06 /* Resources */ = {
			isa = PBXResourcesBuildPhase;
			buildActionMask = 2147483647;
			files = (
				198EDC591CDDC56300A3FE76 /* TZMainContentCell.xib in Resources */,
				198EDC731CDE29EA00A3FE76 /* lufei-9.png in Resources */,
				198EDC6F1CDE29EA00A3FE76 /* lufei-5.png in Resources */,
				19C7FCAD1CE436940021F702 /* TZTestView.xib in Resources */,
				198EDC711CDE29EA00A3FE76 /* lufei-7.png in Resources */,
				198EDC6B1CDE29EA00A3FE76 /* lufei-1.png in Resources */,
				198EDC721CDE29EA00A3FE76 /* lufei-8.png in Resources */,
				196285C61CD1AD9200C1CC06 /* LaunchScreen.storyboard in Resources */,
				198EDC601CDE29DC00A3FE76 /* Assets.xcassets in Resources */,
				198EDC6E1CDE29EA00A3FE76 /* lufei-4.png in Resources */,
				198EDC701CDE29EA00A3FE76 /* lufei-6.png in Resources */,
				198EDC6C1CDE29EA00A3FE76 /* lufei-2.png in Resources */,
				198EDC6D1CDE29EA00A3FE76 /* lufei-3.png in Resources */,
				196285C11CD1AD9200C1CC06 /* Main.storyboard in Resources */,
			);
			runOnlyForDeploymentPostprocessing = 0;
		};
		196285CA1CD1AD9200C1CC06 /* Resources */ = {
			isa = PBXResourcesBuildPhase;
			buildActionMask = 2147483647;
			files = (
			);
			runOnlyForDeploymentPostprocessing = 0;
		};
		196285D51CD1AD9200C1CC06 /* Resources */ = {
			isa = PBXResourcesBuildPhase;
			buildActionMask = 2147483647;
			files = (
			);
			runOnlyForDeploymentPostprocessing = 0;
		};
/* End PBXResourcesBuildPhase section */

/* Begin PBXShellScriptBuildPhase section */
		2395208E053317B7DF22C345 /* 📦 Embed Pods Frameworks */ = {
			isa = PBXShellScriptBuildPhase;
			buildActionMask = 2147483647;
			files = (
			);
			inputPaths = (
			);
			name = "📦 Embed Pods Frameworks";
			outputPaths = (
			);
			runOnlyForDeploymentPostprocessing = 0;
			shellPath = /bin/sh;
			shellScript = "\"${SRCROOT}/Pods/Target Support Files/Pods-30DaysChallenge/Pods-30DaysChallenge-frameworks.sh\"\n";
			showEnvVarsInLog = 0;
		};
		777D88CDF7FFBCB18454BF8F /* 📦 Check Pods Manifest.lock */ = {
			isa = PBXShellScriptBuildPhase;
			buildActionMask = 2147483647;
			files = (
			);
			inputPaths = (
			);
			name = "📦 Check Pods Manifest.lock";
			outputPaths = (
			);
			runOnlyForDeploymentPostprocessing = 0;
			shellPath = /bin/sh;
			shellScript = "diff \"${PODS_ROOT}/../Podfile.lock\" \"${PODS_ROOT}/Manifest.lock\" > /dev/null\nif [[ $? != 0 ]] ; then\n    cat << EOM\nerror: The sandbox is not in sync with the Podfile.lock. Run 'pod install' or update your CocoaPods installation.\nEOM\n    exit 1\nfi\n";
			showEnvVarsInLog = 0;
		};
		D89010E841D09EE034BE2319 /* 📦 Copy Pods Resources */ = {
			isa = PBXShellScriptBuildPhase;
			buildActionMask = 2147483647;
			files = (
			);
			inputPaths = (
			);
			name = "📦 Copy Pods Resources";
			outputPaths = (
			);
			runOnlyForDeploymentPostprocessing = 0;
			shellPath = /bin/sh;
			shellScript = "\"${SRCROOT}/Pods/Target Support Files/Pods-30DaysChallenge/Pods-30DaysChallenge-resources.sh\"\n";
			showEnvVarsInLog = 0;
		};
/* End PBXShellScriptBuildPhase section */

/* Begin PBXSourcesBuildPhase section */
		196285AF1CD1AD9200C1CC06 /* Sources */ = {
			isa = PBXSourcesBuildPhase;
			buildActionMask = 2147483647;
			files = (
				19C7FC981CE318730021F702 /* TZMainGuideView.m in Sources */,
				191983061CE098920011DDB8 /* TZAbstractDAO.m in Sources */,
				19C86D7B1CDCACF7006C34C3 /* TZGlobalConfigManager.m in Sources */,
				198EDC541CDDBA9F00A3FE76 /* TZMainContentView.m in Sources */,
				19C7FCAB1CE436850021F702 /* TZTestView.m in Sources */,
				19C7FCB11CE459D20021F702 /* TZChoosePictureController.m in Sources */,
				191982FD1CE066600011DDB8 /* TZMainButton.m in Sources */,
				19C7FC9E1CE331B70021F702 /* TZCreateChallengeController.m in Sources */,
				19C7FCA61CE372DC0021F702 /* TZPickerView.m in Sources */,
				198EDC5D1CDDCE1C00A3FE76 /* TZMainContentModel.m in Sources */,
				198EDC791CDF5A4200A3FE76 /* UIView+FrameChange.m in Sources */,
				196285BB1CD1AD9200C1CC06 /* TZAppDelegate.m in Sources */,
				191983031CE097CA0011DDB8 /* TZDataSourceDAO.m in Sources */,
				1950608C1CDC8B5E00C2C927 /* TZViewController.m in Sources */,
				1950608F1CDC8B7500C2C927 /* TZTableViewController.m in Sources */,
				195060921CDC8B8B00C2C927 /* TZTableView.m in Sources */,
				191983091CE098C00011DDB8 /* TZDBDataSource.m in Sources */,
				19C7FCA11CE333BB0021F702 /* TZTextField.m in Sources */,
				19C86D6C1CDC9193006C34C3 /* main.m in Sources */,
				198EDC581CDDC56300A3FE76 /* TZMainContentCell.m in Sources */,
				19C86D731CDC9CFB006C34C3 /* TZNavigationController.m in Sources */,
				19C86D631CDC9181006C34C3 /* TZMainViewController.m in Sources */,
				19C86D771CDC9DD9006C34C3 /* UIImage+Utils.m in Sources */,
				19C7FC951CE316790021F702 /* TZMainDataSourceManager.m in Sources */,
			);
			runOnlyForDeploymentPostprocessing = 0;
		};
		196285C81CD1AD9200C1CC06 /* Sources */ = {
			isa = PBXSourcesBuildPhase;
			buildActionMask = 2147483647;
			files = (
				196285D11CD1AD9200C1CC06 /* _0DaysChallengeTests.m in Sources */,
			);
			runOnlyForDeploymentPostprocessing = 0;
		};
		196285D31CD1AD9200C1CC06 /* Sources */ = {
			isa = PBXSourcesBuildPhase;
			buildActionMask = 2147483647;
			files = (
				196285DC1CD1AD9200C1CC06 /* _0DaysChallengeUITests.m in Sources */,
			);
			runOnlyForDeploymentPostprocessing = 0;
		};
/* End PBXSourcesBuildPhase section */

/* Begin PBXTargetDependency section */
		196285CE1CD1AD9200C1CC06 /* PBXTargetDependency */ = {
			isa = PBXTargetDependency;
			target = 196285B21CD1AD9200C1CC06 /* 30DaysChallenge */;
			targetProxy = 196285CD1CD1AD9200C1CC06 /* PBXContainerItemProxy */;
		};
		196285D91CD1AD9200C1CC06 /* PBXTargetDependency */ = {
			isa = PBXTargetDependency;
			target = 196285B21CD1AD9200C1CC06 /* 30DaysChallenge */;
			targetProxy = 196285D81CD1AD9200C1CC06 /* PBXContainerItemProxy */;
		};
/* End PBXTargetDependency section */

/* Begin PBXVariantGroup section */
		196285BF1CD1AD9200C1CC06 /* Main.storyboard */ = {
			isa = PBXVariantGroup;
			children = (
				196285C01CD1AD9200C1CC06 /* Base */,
			);
			name = Main.storyboard;
			path = ../..;
			sourceTree = "<group>";
		};
		196285C41CD1AD9200C1CC06 /* LaunchScreen.storyboard */ = {
			isa = PBXVariantGroup;
			children = (
				196285C51CD1AD9200C1CC06 /* Base */,
			);
			name = LaunchScreen.storyboard;
			path = ../..;
			sourceTree = "<group>";
		};
/* End PBXVariantGroup section */

/* Begin XCBuildConfiguration section */
		196285DE1CD1AD9200C1CC06 /* Debug */ = {
			isa = XCBuildConfiguration;
			buildSettings = {
				ALWAYS_SEARCH_USER_PATHS = NO;
				CLANG_CXX_LANGUAGE_STANDARD = "gnu++0x";
				CLANG_CXX_LIBRARY = "libc++";
				CLANG_ENABLE_MODULES = YES;
				CLANG_ENABLE_OBJC_ARC = YES;
				CLANG_WARN_BOOL_CONVERSION = YES;
				CLANG_WARN_CONSTANT_CONVERSION = YES;
				CLANG_WARN_DIRECT_OBJC_ISA_USAGE = YES_ERROR;
				CLANG_WARN_EMPTY_BODY = YES;
				CLANG_WARN_ENUM_CONVERSION = YES;
				CLANG_WARN_INT_CONVERSION = YES;
				CLANG_WARN_OBJC_ROOT_CLASS = YES_ERROR;
				CLANG_WARN_UNREACHABLE_CODE = YES;
				CLANG_WARN__DUPLICATE_METHOD_MATCH = YES;
				"CODE_SIGN_IDENTITY[sdk=iphoneos*]" = "iPhone Developer";
				COPY_PHASE_STRIP = NO;
				DEBUG_INFORMATION_FORMAT = dwarf;
				ENABLE_STRICT_OBJC_MSGSEND = YES;
				ENABLE_TESTABILITY = YES;
				GCC_C_LANGUAGE_STANDARD = gnu99;
				GCC_DYNAMIC_NO_PIC = NO;
				GCC_NO_COMMON_BLOCKS = YES;
				GCC_OPTIMIZATION_LEVEL = 0;
				GCC_PREPROCESSOR_DEFINITIONS = (
					"DEBUG=1",
					"$(inherited)",
				);
				GCC_WARN_64_TO_32_BIT_CONVERSION = YES;
				GCC_WARN_ABOUT_RETURN_TYPE = YES_ERROR;
				GCC_WARN_UNDECLARED_SELECTOR = YES;
				GCC_WARN_UNINITIALIZED_AUTOS = YES_AGGRESSIVE;
				GCC_WARN_UNUSED_FUNCTION = YES;
				GCC_WARN_UNUSED_VARIABLE = YES;
				IPHONEOS_DEPLOYMENT_TARGET = 9.2;
				MTL_ENABLE_DEBUG_INFO = YES;
				ONLY_ACTIVE_ARCH = YES;
				SDKROOT = iphoneos;
			};
			name = Debug;
		};
		196285DF1CD1AD9200C1CC06 /* Release */ = {
			isa = XCBuildConfiguration;
			buildSettings = {
				ALWAYS_SEARCH_USER_PATHS = NO;
				CLANG_CXX_LANGUAGE_STANDARD = "gnu++0x";
				CLANG_CXX_LIBRARY = "libc++";
				CLANG_ENABLE_MODULES = YES;
				CLANG_ENABLE_OBJC_ARC = YES;
				CLANG_WARN_BOOL_CONVERSION = YES;
				CLANG_WARN_CONSTANT_CONVERSION = YES;
				CLANG_WARN_DIRECT_OBJC_ISA_USAGE = YES_ERROR;
				CLANG_WARN_EMPTY_BODY = YES;
				CLANG_WARN_ENUM_CONVERSION = YES;
				CLANG_WARN_INT_CONVERSION = YES;
				CLANG_WARN_OBJC_ROOT_CLASS = YES_ERROR;
				CLANG_WARN_UNREACHABLE_CODE = YES;
				CLANG_WARN__DUPLICATE_METHOD_MATCH = YES;
				"CODE_SIGN_IDENTITY[sdk=iphoneos*]" = "iPhone Developer";
				COPY_PHASE_STRIP = NO;
				DEBUG_INFORMATION_FORMAT = "dwarf-with-dsym";
				ENABLE_NS_ASSERTIONS = NO;
				ENABLE_STRICT_OBJC_MSGSEND = YES;
				GCC_C_LANGUAGE_STANDARD = gnu99;
				GCC_NO_COMMON_BLOCKS = YES;
				GCC_WARN_64_TO_32_BIT_CONVERSION = YES;
				GCC_WARN_ABOUT_RETURN_TYPE = YES_ERROR;
				GCC_WARN_UNDECLARED_SELECTOR = YES;
				GCC_WARN_UNINITIALIZED_AUTOS = YES_AGGRESSIVE;
				GCC_WARN_UNUSED_FUNCTION = YES;
				GCC_WARN_UNUSED_VARIABLE = YES;
				IPHONEOS_DEPLOYMENT_TARGET = 9.2;
				MTL_ENABLE_DEBUG_INFO = NO;
				SDKROOT = iphoneos;
				VALIDATE_PRODUCT = YES;
			};
			name = Release;
		};
		196285E11CD1AD9200C1CC06 /* Debug */ = {
			isa = XCBuildConfiguration;
			baseConfigurationReference = 20C49D101C007568B1110729 /* Pods-30DaysChallenge.debug.xcconfig */;
			buildSettings = {
				ASSETCATALOG_COMPILER_APPICON_NAME = AppIcon;
				GCC_PRECOMPILE_PREFIX_HEADER = YES;
				GCC_PREFIX_HEADER = "30DaysChallenge/Supporting Files/30DaysChallenge-PrefixHeader.pch";
				INFOPLIST_FILE = 30DaysChallenge/Info.plist;
				IPHONEOS_DEPLOYMENT_TARGET = 8.0;
				LD_RUNPATH_SEARCH_PATHS = "$(inherited) @executable_path/Frameworks";
				PRODUCT_BUNDLE_IDENTIFIER = "jiaxin.-0DaysChallenge";
				PRODUCT_NAME = "$(TARGET_NAME)";
			};
			name = Debug;
		};
		196285E21CD1AD9200C1CC06 /* Release */ = {
			isa = XCBuildConfiguration;
			baseConfigurationReference = 67769E24E3C89852527F8BDD /* Pods-30DaysChallenge.release.xcconfig */;
			buildSettings = {
				ASSETCATALOG_COMPILER_APPICON_NAME = AppIcon;
				GCC_PRECOMPILE_PREFIX_HEADER = YES;
				GCC_PREFIX_HEADER = "30DaysChallenge/Supporting Files/30DaysChallenge-PrefixHeader.pch";
				INFOPLIST_FILE = 30DaysChallenge/Info.plist;
				IPHONEOS_DEPLOYMENT_TARGET = 8.0;
				LD_RUNPATH_SEARCH_PATHS = "$(inherited) @executable_path/Frameworks";
				PRODUCT_BUNDLE_IDENTIFIER = "jiaxin.-0DaysChallenge";
				PRODUCT_NAME = "$(TARGET_NAME)";
			};
			name = Release;
		};
		196285E41CD1AD9200C1CC06 /* Debug */ = {
			isa = XCBuildConfiguration;
			buildSettings = {
				BUNDLE_LOADER = "$(TEST_HOST)";
				INFOPLIST_FILE = 30DaysChallengeTests/Info.plist;
				LD_RUNPATH_SEARCH_PATHS = "$(inherited) @executable_path/Frameworks @loader_path/Frameworks";
				PRODUCT_BUNDLE_IDENTIFIER = "jiaxin.-0DaysChallengeTests";
				PRODUCT_NAME = "$(TARGET_NAME)";
				TEST_HOST = "$(BUILT_PRODUCTS_DIR)/30DaysChallenge.app/30DaysChallenge";
			};
			name = Debug;
		};
		196285E51CD1AD9200C1CC06 /* Release */ = {
			isa = XCBuildConfiguration;
			buildSettings = {
				BUNDLE_LOADER = "$(TEST_HOST)";
				INFOPLIST_FILE = 30DaysChallengeTests/Info.plist;
				LD_RUNPATH_SEARCH_PATHS = "$(inherited) @executable_path/Frameworks @loader_path/Frameworks";
				PRODUCT_BUNDLE_IDENTIFIER = "jiaxin.-0DaysChallengeTests";
				PRODUCT_NAME = "$(TARGET_NAME)";
				TEST_HOST = "$(BUILT_PRODUCTS_DIR)/30DaysChallenge.app/30DaysChallenge";
			};
			name = Release;
		};
		196285E71CD1AD9200C1CC06 /* Debug */ = {
			isa = XCBuildConfiguration;
			buildSettings = {
				INFOPLIST_FILE = 30DaysChallengeUITests/Info.plist;
				LD_RUNPATH_SEARCH_PATHS = "$(inherited) @executable_path/Frameworks @loader_path/Frameworks";
				PRODUCT_BUNDLE_IDENTIFIER = "jiaxin.-0DaysChallengeUITests";
				PRODUCT_NAME = "$(TARGET_NAME)";
				TEST_TARGET_NAME = 30DaysChallenge;
				USES_XCTRUNNER = YES;
			};
			name = Debug;
		};
		196285E81CD1AD9200C1CC06 /* Release */ = {
			isa = XCBuildConfiguration;
			buildSettings = {
				INFOPLIST_FILE = 30DaysChallengeUITests/Info.plist;
				LD_RUNPATH_SEARCH_PATHS = "$(inherited) @executable_path/Frameworks @loader_path/Frameworks";
				PRODUCT_BUNDLE_IDENTIFIER = "jiaxin.-0DaysChallengeUITests";
				PRODUCT_NAME = "$(TARGET_NAME)";
				TEST_TARGET_NAME = 30DaysChallenge;
				USES_XCTRUNNER = YES;
			};
			name = Release;
		};
/* End XCBuildConfiguration section */

/* Begin XCConfigurationList section */
		196285AE1CD1AD9200C1CC06 /* Build configuration list for PBXProject "30DaysChallenge" */ = {
			isa = XCConfigurationList;
			buildConfigurations = (
				196285DE1CD1AD9200C1CC06 /* Debug */,
				196285DF1CD1AD9200C1CC06 /* Release */,
			);
			defaultConfigurationIsVisible = 0;
			defaultConfigurationName = Release;
		};
		196285E01CD1AD9200C1CC06 /* Build configuration list for PBXNativeTarget "30DaysChallenge" */ = {
			isa = XCConfigurationList;
			buildConfigurations = (
				196285E11CD1AD9200C1CC06 /* Debug */,
				196285E21CD1AD9200C1CC06 /* Release */,
			);
			defaultConfigurationIsVisible = 0;
			defaultConfigurationName = Release;
		};
		196285E31CD1AD9200C1CC06 /* Build configuration list for PBXNativeTarget "30DaysChallengeTests" */ = {
			isa = XCConfigurationList;
			buildConfigurations = (
				196285E41CD1AD9200C1CC06 /* Debug */,
				196285E51CD1AD9200C1CC06 /* Release */,
			);
			defaultConfigurationIsVisible = 0;
			defaultConfigurationName = Release;
		};
		196285E61CD1AD9200C1CC06 /* Build configuration list for PBXNativeTarget "30DaysChallengeUITests" */ = {
			isa = XCConfigurationList;
			buildConfigurations = (
				196285E71CD1AD9200C1CC06 /* Debug */,
				196285E81CD1AD9200C1CC06 /* Release */,
			);
			defaultConfigurationIsVisible = 0;
			defaultConfigurationName = Release;
		};
/* End XCConfigurationList section */
	};
	rootObject = 196285AB1CD1AD9200C1CC06 /* Project object */;
}
